
Microsoft Visual Studio Solution File, Format Version 12.00
# Visual Studio Version 16
VisualStudioVersion = 16.0.29102.190
MinimumVisualStudioVersion = 10.0.40219.1
Project("{FAE04EC0-301F-11D3-BF4B-00C04F79EFBC}") = "almaximo_exam.entities", "almaximo_exam.entities\almaximo_exam.entities.csproj", "{A08923F8-AA17-43FB-B192-B636800CC15F}"
EndProject
Project("{FAE04EC0-301F-11D3-BF4B-00C04F79EFBC}") = "almaximo_exam.api", "almaximo_exam.api\almaximo_exam.api.csproj", "{2C33A9AD-3558-4903-9083-C8379D7559DC}"
EndProject
Global
	GlobalSection(SolutionConfigurationPlatforms) = preSolution
		Debug|Any CPU = Debug|Any CPU
		Release|Any CPU = Release|Any CPU
	EndGlobalSection
	GlobalSection(ProjectConfigurationPlatforms) = postSolution
		{A08923F8-AA17-43FB-B192-B636800CC15F}.Debug|Any CPU.ActiveCfg = Debug|Any CPU
		{A08923F8-AA17-43FB-B192-B636800CC15F}.Debug|Any CPU.Build.0 = Debug|Any CPU
		{A08923F8-AA17-43FB-B192-B636800CC15F}.Release|Any CPU.ActiveCfg = Release|Any CPU
		{A08923F8-AA17-43FB-B192-B636800CC15F}.Release|Any CPU.Build.0 = Release|Any CPU
		{2C33A9AD-3558-4903-9083-C8379D7559DC}.Debug|Any CPU.ActiveCfg = Debug|Any CPU
		{2C33A9AD-3558-4903-9083-C8379D7559DC}.Debug|Any CPU.Build.0 = Debug|Any CPU
		{2C33A9AD-3558-4903-9083-C8379D7559DC}.Release|Any CPU.ActiveCfg = Release|Any CPU
		{2C33A9AD-3558-4903-9083-C8379D7559DC}.Release|Any CPU.Build.0 = Release|Any CPU
	EndGlobalSection
	GlobalSection(SolutionProperties) = preSolution
		HideSolutionNode = FALSE
	EndGlobalSection
	GlobalSection(ExtensibilityGlobals) = postSolution
		SolutionGuid = {6F7EB738-CFFD-49D4-BED4-A6A576151957}
	EndGlobalSection
EndGlobal
